
Microsoft Visual Studio Solution File, Format Version 12.00
# Visual Studio 15
VisualStudioVersion = 15.0.26430.13
MinimumVisualStudioVersion = 10.0.40219.1
Project("{FAE04EC0-301F-11D3-BF4B-00C04F79EFBC}") = "HotelReservations.Web", "HotelReservations\HotelReservations.Web.csproj", "{68182AC8-CCEE-4CEF-9509-CD4977ED1FAC}"
EndProject
Project("{FAE04EC0-301F-11D3-BF4B-00C04F79EFBC}") = "HotelReservations.Tests", "HotelReservations.Tests\HotelReservations.Tests.csproj", "{802FF88E-9597-4311-B1BF-29A15CB7CC49}"
EndProject
Project("{FAE04EC0-301F-11D3-BF4B-00C04F79EFBC}") = "HotelReservations.Data.Model", "HotelReservations.Data.Model\HotelReservations.Data.Model.csproj", "{5E14F362-1F03-415D-9951-277B1D147F7E}"
EndProject
Project("{FAE04EC0-301F-11D3-BF4B-00C04F79EFBC}") = "HotelReservations.Infrastructure", "HotelReservations.Infrastructure\HotelReservations.Infrastructure.csproj", "{71AE2CCA-03EA-410A-925A-AF00936CF341}"
EndProject
Global
	GlobalSection(SolutionConfigurationPlatforms) = preSolution
		Debug|Any CPU = Debug|Any CPU
		Release|Any CPU = Release|Any CPU
	EndGlobalSection
	GlobalSection(ProjectConfigurationPlatforms) = postSolution
		{68182AC8-CCEE-4CEF-9509-CD4977ED1FAC}.Debug|Any CPU.ActiveCfg = Debug|Any CPU
		{68182AC8-CCEE-4CEF-9509-CD4977ED1FAC}.Debug|Any CPU.Build.0 = Debug|Any CPU
		{68182AC8-CCEE-4CEF-9509-CD4977ED1FAC}.Release|Any CPU.ActiveCfg = Release|Any CPU
		{68182AC8-CCEE-4CEF-9509-CD4977ED1FAC}.Release|Any CPU.Build.0 = Release|Any CPU
		{802FF88E-9597-4311-B1BF-29A15CB7CC49}.Debug|Any CPU.ActiveCfg = Debug|Any CPU
		{802FF88E-9597-4311-B1BF-29A15CB7CC49}.Debug|Any CPU.Build.0 = Debug|Any CPU
		{802FF88E-9597-4311-B1BF-29A15CB7CC49}.Release|Any CPU.ActiveCfg = Release|Any CPU
		{802FF88E-9597-4311-B1BF-29A15CB7CC49}.Release|Any CPU.Build.0 = Release|Any CPU
		{5E14F362-1F03-415D-9951-277B1D147F7E}.Debug|Any CPU.ActiveCfg = Debug|Any CPU
		{5E14F362-1F03-415D-9951-277B1D147F7E}.Debug|Any CPU.Build.0 = Debug|Any CPU
		{5E14F362-1F03-415D-9951-277B1D147F7E}.Release|Any CPU.ActiveCfg = Release|Any CPU
		{5E14F362-1F03-415D-9951-277B1D147F7E}.Release|Any CPU.Build.0 = Release|Any CPU
		{71AE2CCA-03EA-410A-925A-AF00936CF341}.Debug|Any CPU.ActiveCfg = Debug|Any CPU
		{71AE2CCA-03EA-410A-925A-AF00936CF341}.Debug|Any CPU.Build.0 = Debug|Any CPU
		{71AE2CCA-03EA-410A-925A-AF00936CF341}.Release|Any CPU.ActiveCfg = Release|Any CPU
		{71AE2CCA-03EA-410A-925A-AF00936CF341}.Release|Any CPU.Build.0 = Release|Any CPU
	EndGlobalSection
	GlobalSection(SolutionProperties) = preSolution
		HideSolutionNode = FALSE
	EndGlobalSection
EndGlobal
